// !$*UTF8*$!
{
	archiveVersion = 1;
	classes = {
	};
	objectVersion = 46;
	objects = {

/* Begin PBXContainerItemProxy section */
		69EAA8E71AA4ACA70006E90D /* PBXContainerItemProxy */ = {
			isa = PBXContainerItemProxy;
			containerPortal = 69EAA8E31AA4ACA60006E90D /* DNA_Strand.xcodeproj */;
			proxyType = 2;
			remoteGlobalIDString = 69EAA8D91AA4ACA60006E90D;
			remoteInfo = DNA_Strand;
		};
		69EAA9021AA4AFAF0006E90D /* PBXContainerItemProxy */ = {
			isa = PBXContainerItemProxy;
			containerPortal = 69EAA8FE1AA4AFAF0006E90D /* DNAtest.xcodeproj */;
			proxyType = 2;
			remoteGlobalIDString = 69EAA8F41AA4AFAF0006E90D;
			remoteInfo = DNAtest;
		};
/* End PBXContainerItemProxy section */

/* Begin PBXCopyFilesBuildPhase section */
		69EAA8C41AA4AA9E0006E90D /* CopyFiles */ = {
			isa = PBXCopyFilesBuildPhase;
			buildActionMask = 2147483647;
			dstPath = /usr/share/man/man1/;
			dstSubfolderSpec = 0;
			files = (
			);
			runOnlyForDeploymentPostprocessing = 1;
		};
/* End PBXCopyFilesBuildPhase section */

/* Begin PBXFileReference section */
		69D9D97E1B0D66E500B4F2D6 /* DNA_Strand h.h */ = {isa = PBXFileReference; lastKnownFileType = sourcecode.c.h; path = "DNA_Strand h.h"; sourceTree = "<group>"; };
		69EAA8C61AA4AA9E0006E90D /* DNA Test */ = {isa = PBXFileReference; explicitFileType = "compiled.mach-o.executable"; includeInIndex = 0; path = "DNA Test"; sourceTree = BUILT_PRODUCTS_DIR; };
		69EAA8E31AA4ACA60006E90D /* DNA_Strand.xcodeproj */ = {isa = PBXFileReference; lastKnownFileType = "wrapper.pb-project"; name = DNA_Strand.xcodeproj; path = DNA_Strand/DNA_Strand.xcodeproj; sourceTree = "<group>"; };
		69EAA8FE1AA4AFAF0006E90D /* DNAtest.xcodeproj */ = {isa = PBXFileReference; lastKnownFileType = "wrapper.pb-project"; name = DNAtest.xcodeproj; path = DNAtest/DNAtest.xcodeproj; sourceTree = "<group>"; };
/* End PBXFileReference section */

/* Begin PBXFrameworksBuildPhase section */
		69EAA8C31AA4AA9E0006E90D /* Frameworks */ = {
			isa = PBXFrameworksBuildPhase;
			buildActionMask = 2147483647;
			files = (
			);
			runOnlyForDeploymentPostprocessing = 0;
		};
/* End PBXFrameworksBuildPhase section */

/* Begin PBXGroup section */
		69EAA8BD1AA4AA9E0006E90D = {
			isa = PBXGroup;
			children = (
				69D9D97E1B0D66E500B4F2D6 /* DNA_Strand h.h */,
				69EAA8FE1AA4AFAF0006E90D /* DNAtest.xcodeproj */,
				69EAA8E31AA4ACA60006E90D /* DNA_Strand.xcodeproj */,
				69EAA8C71AA4AA9E0006E90D /* Products */,
			);
			sourceTree = "<group>";
		};
		69EAA8C71AA4AA9E0006E90D /* Products */ = {
			isa = PBXGroup;
			children = (
				69EAA8C61AA4AA9E0006E90D /* DNA Test */,
			);
			name = Products;
			sourceTree = "<group>";
		};
		69EAA8E41AA4ACA60006E90D /* Products */ = {
			isa = PBXGroup;
			children = (
				69EAA8E81AA4ACA70006E90D /* DNA_Strand */,
			);
			name = Products;
			sourceTree = "<group>";
		};
		69EAA8FF1AA4AFAF0006E90D /* Products */ = {
			isa = PBXGroup;
			children = (
				69EAA9031AA4AFAF0006E90D /* DNAtest */,
			);
			name = Products;
			sourceTree = "<group>";
		};
/* End PBXGroup section */

/* Begin PBXNativeTarget section */
		69EAA8C51AA4AA9E0006E90D /* DNA Test */ = {
			isa = PBXNativeTarget;
			buildConfigurationList = 69EAA8CD1AA4AA9E0006E90D /* Build configuration list for PBXNativeTarget "DNA Test" */;
			buildPhases = (
				69EAA8C21AA4AA9E0006E90D /* Sources */,
				69EAA8C31AA4AA9E0006E90D /* Frameworks */,
				69EAA8C41AA4AA9E0006E90D /* CopyFiles */,
			);
			buildRules = (
			);
			dependencies = (
			);
			name = "DNA Test";
			productName = "DNA Test";
			productReference = 69EAA8C61AA4AA9E0006E90D /* DNA Test */;
			productType = "com.apple.product-type.tool";
		};
/* End PBXNativeTarget section */

/* Begin PBXProject section */
		69EAA8BE1AA4AA9E0006E90D /* Project object */ = {
			isa = PBXProject;
			attributes = {
				LastUpgradeCheck = 0610;
				ORGANIZATIONNAME = "Jacoby Kang";
				TargetAttributes = {
					69EAA8C51AA4AA9E0006E90D = {
						CreatedOnToolsVersion = 6.1.1;
					};
				};
			};
			buildConfigurationList = 69EAA8C11AA4AA9E0006E90D /* Build configuration list for PBXProject "DNA Test" */;
			compatibilityVersion = "Xcode 3.2";
			developmentRegion = English;
			hasScannedForEncodings = 0;
			knownRegions = (
				en,
			);
			mainGroup = 69EAA8BD1AA4AA9E0006E90D;
			productRefGroup = 69EAA8C71AA4AA9E0006E90D /* Products */;
			projectDirPath = "";
			projectReferences = (
				{
					ProductGroup = 69EAA8E41AA4ACA60006E90D /* Products */;
					ProjectRef = 69EAA8E31AA4ACA60006E90D /* DNA_Strand.xcodeproj */;
				},
				{
					ProductGroup = 69EAA8FF1AA4AFAF0006E90D /* Products */;
					ProjectRef = 69EAA8FE1AA4AFAF0006E90D /* DNAtest.xcodeproj */;
				},
			);
			projectRoot = "";
			targets = (
				69EAA8C51AA4AA9E0006E90D /* DNA Test */,
			);
		};
/* End PBXProject section */

/* Begin PBXReferenceProxy section */
		69EAA8E81AA4ACA70006E90D /* DNA_Strand */ = {
			isa = PBXReferenceProxy;
			fileType = "compiled.mach-o.executable";
			path = DNA_Strand;
			remoteRef = 69EAA8E71AA4ACA70006E90D /* PBXContainerItemProxy */;
			sourceTree = BUILT_PRODUCTS_DIR;
		};
		69EAA9031AA4AFAF0006E90D /* DNAtest */ = {
			isa = PBXReferenceProxy;
			fileType = "compiled.mach-o.executable";
			path = DNAtest;
			remoteRef = 69EAA9021AA4AFAF0006E90D /* PBXContainerItemProxy */;
			sourceTree = BUILT_PRODUCTS_DIR;
		};
/* End PBXReferenceProxy section */

/* Begin PBXSourcesBuildPhase section */
		69EAA8C21AA4AA9E0006E90D /* Sources */ = {
			isa = PBXSourcesBuildPhase;
			buildActionMask = 2147483647;
			files = (
			);
			runOnlyForDeploymentPostprocessing = 0;
		};
/* End PBXSourcesBuildPhase section */

/* Begin XCBuildConfiguration section */
		69EAA8CB1AA4AA9E0006E90D /* Debug */ = {
			isa = XCBuildConfiguration;
			buildSettings = {
				ALWAYS_SEARCH_USER_PATHS = NO;
				CLANG_CXX_LANGUAGE_STANDARD = "gnu++0x";
				CLANG_CXX_LIBRARY = "libc++";
				CLANG_ENABLE_MODULES = YES;
				CLANG_ENABLE_OBJC_ARC = YES;
				CLANG_WARN_BOOL_CONVERSION = YES;
				CLANG_WARN_CONSTANT_CONVERSION = YES;
				CLANG_WARN_DIRECT_OBJC_ISA_USAGE = YES_ERROR;
				CLANG_WARN_EMPTY_BODY = YES;
				CLANG_WARN_ENUM_CONVERSION = YES;
				CLANG_WARN_INT_CONVERSION = YES;
				CLANG_WARN_OBJC_ROOT_CLASS = YES_ERROR;
				CLANG_WARN_UNREACHABLE_CODE = YES;
				CLANG_WARN__DUPLICATE_METHOD_MATCH = YES;
				COPY_PHASE_STRIP = NO;
				ENABLE_STRICT_OBJC_MSGSEND = YES;
				GCC_C_LANGUAGE_STANDARD = gnu99;
				GCC_DYNAMIC_NO_PIC = NO;
				GCC_OPTIMIZATION_LEVEL = 0;
				GCC_PREPROCESSOR_DEFINITIONS = (
					"DEBUG=1",
					"$(inherited)",
				);
				GCC_SYMBOLS_PRIVATE_EXTERN = NO;
				GCC_WARN_64_TO_32_BIT_CONVERSION = YES;
				GCC_WARN_ABOUT_RETURN_TYPE = YES_ERROR;
				GCC_WARN_UNDECLARED_SELECTOR = YES;
				GCC_WARN_UNINITIALIZED_AUTOS = YES_AGGRESSIVE;
				GCC_WARN_UNUSED_FUNCTION = YES;
				GCC_WARN_UNUSED_VARIABLE = YES;
				MACOSX_DEPLOYMENT_TARGET = 10.10;
				MTL_ENABLE_DEBUG_INFO = YES;
				ONLY_ACTIVE_ARCH = YES;
				SDKROOT = macosx;
			};
			name = Debug;
		};
		69EAA8CC1AA4AA9E0006E90D /* Release */ = {
			isa = XCBuildConfiguration;
			buildSettings = {
				ALWAYS_SEARCH_USER_PATHS = NO;
				CLANG_CXX_LANGUAGE_STANDARD = "gnu++0x";
				CLANG_CXX_LIBRARY = "libc++";
				CLANG_ENABLE_MODULES = YES;
				CLANG_ENABLE_OBJC_ARC = YES;
				CLANG_WARN_BOOL_CONVERSION = YES;
				CLANG_WARN_CONSTANT_CONVERSION = YES;
				CLANG_WARN_DIRECT_OBJC_ISA_USAGE = YES_ERROR;
				CLANG_WARN_EMPTY_BODY = YES;
				CLANG_WARN_ENUM_CONVERSION = YES;
				CLANG_WARN_INT_CONVERSION = YES;
				CLANG_WARN_OBJC_ROOT_CLASS = YES_ERROR;
				CLANG_WARN_UNREACHABLE_CODE = YES;
				CLANG_WARN__DUPLICATE_METHOD_MATCH = YES;
				COPY_PHASE_STRIP = YES;
				DEBUG_INFORMATION_FORMAT = "dwarf-with-dsym";
				ENABLE_NS_ASSERTIONS = NO;
				ENABLE_STRICT_OBJC_MSGSEND = YES;
				GCC_C_LANGUAGE_STANDARD = gnu99;
				GCC_WARN_64_TO_32_BIT_CONVERSION = YES;
				GCC_WARN_ABOUT_RETURN_TYPE = YES_ERROR;
				GCC_WARN_UNDECLARED_SELECTOR = YES;
				GCC_WARN_UNINITIALIZED_AUTOS = YES_AGGRESSIVE;
				GCC_WARN_UNUSED_FUNCTION = YES;
				GCC_WARN_UNUSED_VARIABLE = YES;
				MACOSX_DEPLOYMENT_TARGET = 10.10;
				MTL_ENABLE_DEBUG_INFO = NO;
				SDKROOT = macosx;
			};
			name = Release;
		};
		69EAA8CE1AA4AA9E0006E90D /* Debug */ = {
			isa = XCBuildConfiguration;
			buildSettings = {
				PRODUCT_NAME = "$(TARGET_NAME)";
			};
			name = Debug;
		};
		69EAA8CF1AA4AA9E0006E90D /* Release */ = {
			isa = XCBuildConfiguration;
			buildSettings = {
				PRODUCT_NAME = "$(TARGET_NAME)";
			};
			name = Release;
		};
/* End XCBuildConfiguration section */

/* Begin XCConfigurationList section */
		69EAA8C11AA4AA9E0006E90D /* Build configuration list for PBXProject "DNA Test" */ = {
			isa = XCConfigurationList;
			buildConfigurations = (
				69EAA8CB1AA4AA9E0006E90D /* Debug */,
				69EAA8CC1AA4AA9E0006E90D /* Release */,
			);
			defaultConfigurationIsVisible = 0;
			defaultConfigurationName = Release;
		};
		69EAA8CD1AA4AA9E0006E90D /* Build configuration list for PBXNativeTarget "DNA Test" */ = {
			isa = XCConfigurationList;
			buildConfigurations = (
				69EAA8CE1AA4AA9E0006E90D /* Debug */,
				69EAA8CF1AA4AA9E0006E90D /* Release */,
			);
			defaultConfigurationIsVisible = 0;
			defaultConfigurationName = Release;
		};
/* End XCConfigurationList section */
	};
	rootObject = 69EAA8BE1AA4AA9E0006E90D /* Project object */;
}
