// !$*UTF8*$!
{
	archiveVersion = 1;
	classes = {
	};
	objectVersion = 46;
	objects = {

/* Begin PBXGroup section */
		697011411B0AD32E00A38CE7 = {
			isa = PBXGroup;
			children = (
				697011481B0AD33B00A38CE7 /* New Group */,
			);
			sourceTree = "<group>";
		};
		697011481B0AD33B00A38CE7 /* New Group */ = {
			isa = PBXGroup;
			children = (
			);
			name = "New Group";
			sourceTree = "<group>";
		};
/* End PBXGroup section */

/* Begin PBXProject section */
		697011421B0AD32E00A38CE7 /* Project object */ = {
			isa = PBXProject;
			attributes = {
				LastUpgradeCheck = 0610;
			};
			buildConfigurationList = 697011451B0AD32E00A38CE7 /* Build configuration list for PBXProject "DNA" */;
			compatibilityVersion = "Xcode 3.2";
			developmentRegion = English;
			hasScannedForEncodings = 0;
			knownRegions = (
				en,
			);
			mainGroup = 697011411B0AD32E00A38CE7;
			projectDirPath = "";
			projectRoot = "";
			targets = (
			);
		};
/* End PBXProject section */

/* Begin XCBuildConfiguration section */
		697011461B0AD32E00A38CE7 /* Debug */ = {
			isa = XCBuildConfiguration;
			buildSettings = {
			};
			name = Debug;
		};
		697011471B0AD32E00A38CE7 /* Release */ = {
			isa = XCBuildConfiguration;
			buildSettings = {
			};
			name = Release;
		};
/* End XCBuildConfiguration section */

/* Begin XCConfigurationList section */
		697011451B0AD32E00A38CE7 /* Build configuration list for PBXProject "DNA" */ = {
			isa = XCConfigurationList;
			buildConfigurations = (
				697011461B0AD32E00A38CE7 /* Debug */,
				697011471B0AD32E00A38CE7 /* Release */,
			);
			defaultConfigurationIsVisible = 0;
			defaultConfigurationName = Release;
		};
/* End XCConfigurationList section */
	};
	rootObject = 697011421B0AD32E00A38CE7 /* Project object */;
}
